lockfileVersion: '9.0'

settings:
  autoInstallPeers: true
  excludeLinksFromLockfile: false

importers:

  .:
    dependencies:
      '@usebruno/lang':
        specifier: 0.18.0
        version: 0.18.0
      js-yaml:
        specifier: 4.1.0
        version: 4.1.0
      loadash:
        specifier: 1.0.0
        version: 1.0.0
      nanoid:
        specifier: 3.3.4
        version: 3.3.4
      xml-formatter:
        specifier: 3.6.3
        version: 3.6.3

packages:

  '@usebruno/lang@0.18.0':
    resolution: {integrity: sha512-uMFJTZS0efGFXLKGfA6ByvQTMXbB2shZO/qNUE+Z81w7DxsKglMR1JcS6DMenMWlRxrpSgb/zKhoiv85jp/m3g==}

  arcsecond@5.0.0:
    resolution: {integrity: sha512-J/fHdyadnsIencRsM6oUSsraCKG+Ni9Udcgr/eusxjTzX3SEQtCUQSpP0YtImFPfIK6DdT1nqwN0ng4FqNmwgA==}

  argparse@2.0.1:
    resolution: {integrity: sha512-8+9WqebbFzpX9OR+Wa6O29asIogeRMzcGtAINdpMHHyAg10f05aSFVBbcEqGf/PXw1EjAZ+q2/bEBg3DvurK3Q==}

  dotenv@16.4.5:
    resolution: {integrity: sha512-ZmdL2rui+eB2YwhsWzjInR8LldtZHGDoQ1ugH85ppHKwpUHL7j7rN0Ti9NCnGiQbhaZ11FpR+7ao1dNsmduNUg==}
    engines: {node: '>=12'}

  js-yaml@4.1.0:
    resolution: {integrity: sha512-wpxZs9NoxZaJESJGIZTyDEaYpl0FKSA+FB9aJiyemKhMwkxQg63h4T1KJgUGHpTqPDNRcmmYLugrRjJlBtWvRA==}
    hasBin: true

  loadash@1.0.0:
    resolution: {integrity: sha512-xlX5HBsXB3KG0FJbJJG/3kYWCfsCyCSus3T+uHVu6QL6YxAdggmm3QeyLgn54N2yi5/UE6xxL5ZWJAAiHzHYEg==}
    deprecated: Package is unsupport. Please use the lodash package instead.

  lodash@4.17.21:
    resolution: {integrity: sha512-v2kDEe57lecTulaDIuNTPy3Ry4gLGJ6Z1O3vE1krgXZNrsQ+LFTGHVxVjcXPs17LhbZVGedAJv8XZ1tvj5FvSg==}

  nanoid@3.3.4:
    resolution: {integrity: sha512-MqBkQh/OHTS2egovRtLk45wEyNXwF+cokD+1YPf9u5VfJiRdAiRwB2froX5Co9Rh20xs4siNPm8naNotSD6RBw==}
    engines: {node: ^10 || ^12 || ^13.7 || ^14 || >=15.0.1}
    hasBin: true

  ohm-js@16.6.0:
    resolution: {integrity: sha512-X9P4koSGa7swgVQ0gt71UCYtkAQGOjciJPJAz74kDxWt8nXbH5HrDOQG6qBDH7SR40ktNv4x61BwpTDE9q4lRA==}
    engines: {node: '>=0.12.1'}

  xml-formatter@3.6.3:
    resolution: {integrity: sha512-++x1TlRO1FRlQ82AZ4WnoCSufaI/PT/sycn4K8nRl4gnrNC1uYY2VV/67aALZ2m0Q4Q/BLj/L69K360Itw9NNg==}
    engines: {node: '>= 16'}

  xml-parser-xo@4.1.2:
    resolution: {integrity: sha512-Z/DRB0ZAKj5vAQg++XsfQQKfT73Vfj5n5lKIVXobBDQEva6NHWUTxOA6OohJmEcpoy8AEqBmSGkXXAnFwt5qAA==}
    engines: {node: '>= 16'}

snapshots:

  '@usebruno/lang@0.18.0':
    dependencies:
      arcsecond: 5.0.0
      dotenv: 16.4.5
      lodash: 4.17.21
      ohm-js: 16.6.0

  arcsecond@5.0.0: {}

  argparse@2.0.1: {}

  dotenv@16.4.5: {}

  js-yaml@4.1.0:
    dependencies:
      argparse: 2.0.1

  loadash@1.0.0: {}

  lodash@4.17.21: {}

  nanoid@3.3.4: {}

  ohm-js@16.6.0: {}

  xml-formatter@3.6.3:
    dependencies:
      xml-parser-xo: 4.1.2

  xml-parser-xo@4.1.2: {}
